
Microsoft Visual Studio Solution File, Format Version 12.00
# Visual Studio Version 16
VisualStudioVersion = 16.0.30621.155
MinimumVisualStudioVersion = 10.0.40219.1
Project("{FAE04EC0-301F-11D3-BF4B-00C04F79EFBC}") = "ConsoleAppproject", "ConsoleAppproject\ConsoleAppproject.csproj", "{80769098-E54A-411A-A37D-70D3A1E931B8}"
EndProject
Global
	GlobalSection(SolutionConfigurationPlatforms) = preSolution
		Debug|Any CPU = Debug|Any CPU
		Release|Any CPU = Release|Any CPU
	EndGlobalSection
	GlobalSection(ProjectConfigurationPlatforms) = postSolution
		{80769098-E54A-411A-A37D-70D3A1E931B8}.Debug|Any CPU.ActiveCfg = Debug|Any CPU
		{80769098-E54A-411A-A37D-70D3A1E931B8}.Debug|Any CPU.Build.0 = Debug|Any CPU
		{80769098-E54A-411A-A37D-70D3A1E931B8}.Release|Any CPU.ActiveCfg = Release|Any CPU
		{80769098-E54A-411A-A37D-70D3A1E931B8}.Release|Any CPU.Build.0 = Release|Any CPU
	EndGlobalSection
	GlobalSection(SolutionProperties) = preSolution
		HideSolutionNode = FALSE
	EndGlobalSection
	GlobalSection(ExtensibilityGlobals) = postSolution
		SolutionGuid = {3926CB78-E07E-4910-B758-523EF1AD7994}
	EndGlobalSection
EndGlobal
